Microsoft Visual Studio Solution File, Format Version 12.00
# Visual Studio 2012
Project("{FAE04EC0-301F-11D3-BF4B-00C04F79EFBC}") = "Kenting.Tests", "Kenting.Tests\Kenting.Tests.csproj", "{D013DBE1-1C2D-4509-ADF2-E7B209C46878}"
EndProject
Project("{FAE04EC0-301F-11D3-BF4B-00C04F79EFBC}") = "KentingStation", "KentingStation.csproj", "{EE9C42E5-6AF8-4D47-A5A2-BE9762684988}"
EndProject
Global
	GlobalSection(SolutionConfigurationPlatforms) = preSolution
	Debug|Any CPU = Debug|Any CPU
	ExportDebug|Any CPU = ExportDebug|Any CPU
	ExportRelease|Any CPU = ExportRelease|Any CPU
	EndGlobalSection
	GlobalSection(ProjectConfigurationPlatforms) = postSolution
		{D013DBE1-1C2D-4509-ADF2-E7B209C46878}.Debug|Any CPU.ActiveCfg = Debug|Any CPU
		{D013DBE1-1C2D-4509-ADF2-E7B209C46878}.Debug|Any CPU.Build.0 = Debug|Any CPU
		{D013DBE1-1C2D-4509-ADF2-E7B209C46878}.ExportDebug|Any CPU.ActiveCfg = Debug|Any CPU
		{D013DBE1-1C2D-4509-ADF2-E7B209C46878}.ExportDebug|Any CPU.Build.0 = Debug|Any CPU
		{D013DBE1-1C2D-4509-ADF2-E7B209C46878}.ExportRelease|Any CPU.ActiveCfg = Debug|Any CPU
		{D013DBE1-1C2D-4509-ADF2-E7B209C46878}.ExportRelease|Any CPU.Build.0 = Debug|Any CPU
		{EE9C42E5-6AF8-4D47-A5A2-BE9762684988}.Debug|Any CPU.ActiveCfg = Debug|Any CPU
		{EE9C42E5-6AF8-4D47-A5A2-BE9762684988}.Debug|Any CPU.Build.0 = Debug|Any CPU
		{EE9C42E5-6AF8-4D47-A5A2-BE9762684988}.ExportDebug|Any CPU.ActiveCfg = ExportDebug|Any CPU
		{EE9C42E5-6AF8-4D47-A5A2-BE9762684988}.ExportDebug|Any CPU.Build.0 = ExportDebug|Any CPU
		{EE9C42E5-6AF8-4D47-A5A2-BE9762684988}.ExportRelease|Any CPU.ActiveCfg = ExportRelease|Any CPU
		{EE9C42E5-6AF8-4D47-A5A2-BE9762684988}.ExportRelease|Any CPU.Build.0 = ExportRelease|Any CPU
	EndGlobalSection
EndGlobal
